// !$*UTF8*$!
{
	archiveVersion = 1;
	classes = {
	};
	objectVersion = 46;
	objects = {

/* Begin PBXBuildFile section */
		DE23B6961EDE2759000FC21B /* AppDelegate.swift in Sources */ = {isa = PBXBuildFile; fileRef = DE23B6951EDE2759000FC21B /* AppDelegate.swift */; };
		DE23B6981EDE2759000FC21B /* FirstViewController.swift in Sources */ = {isa = PBXBuildFile; fileRef = DE23B6971EDE2759000FC21B /* FirstViewController.swift */; };
		DE23B69A1EDE2759000FC21B /* SecondViewController.swift in Sources */ = {isa = PBXBuildFile; fileRef = DE23B6991EDE2759000FC21B /* SecondViewController.swift */; };
		DE23B69D1EDE2759000FC21B /* Main.storyboard in Resources */ = {isa = PBXBuildFile; fileRef = DE23B69B1EDE2759000FC21B /* Main.storyboard */; };
		DE23B69F1EDE2759000FC21B /* Assets.xcassets in Resources */ = {isa = PBXBuildFile; fileRef = DE23B69E1EDE2759000FC21B /* Assets.xcassets */; };
		DE23B6A21EDE2759000FC21B /* LaunchScreen.storyboard in Resources */ = {isa = PBXBuildFile; fileRef = DE23B6A01EDE2759000FC21B /* LaunchScreen.storyboard */; };
		DE23B6AD1EDE275A000FC21B /* DhiranaTests.swift in Sources */ = {isa = PBXBuildFile; fileRef = DE23B6AC1EDE275A000FC21B /* DhiranaTests.swift */; };
		DE23B6B81EDE275A000FC21B /* DhiranaUITests.swift in Sources */ = {isa = PBXBuildFile; fileRef = DE23B6B71EDE275A000FC21B /* DhiranaUITests.swift */; };
/* End PBXBuildFile section */

/* Begin PBXContainerItemProxy section */
		DE23B6A91EDE275A000FC21B /* PBXContainerItemProxy */ = {
			isa = PBXContainerItemProxy;
			containerPortal = DE23B68A1EDE2759000FC21B /* Project object */;
			proxyType = 1;
			remoteGlobalIDString = DE23B6911EDE2759000FC21B;
			remoteInfo = Dhirana;
		};
		DE23B6B41EDE275A000FC21B /* PBXContainerItemProxy */ = {
			isa = PBXContainerItemProxy;
			containerPortal = DE23B68A1EDE2759000FC21B /* Project object */;
			proxyType = 1;
			remoteGlobalIDString = DE23B6911EDE2759000FC21B;
			remoteInfo = Dhirana;
		};
/* End PBXContainerItemProxy section */

/* Begin PBXFileReference section */
		DE23B6921EDE2759000FC21B /* Dhirana.app */ = {isa = PBXFileReference; explicitFileType = wrapper.application; includeInIndex = 0; path = Dhirana.app; sourceTree = BUILT_PRODUCTS_DIR; };
		DE23B6951EDE2759000FC21B /* AppDelegate.swift */ = {isa = PBXFileReference; lastKnownFileType = sourcecode.swift; path = AppDelegate.swift; sourceTree = "<group>"; };
		DE23B6971EDE2759000FC21B /* FirstViewController.swift */ = {isa = PBXFileReference; lastKnownFileType = sourcecode.swift; path = FirstViewController.swift; sourceTree = "<group>"; };
		DE23B6991EDE2759000FC21B /* SecondViewController.swift */ = {isa = PBXFileReference; lastKnownFileType = sourcecode.swift; path = SecondViewController.swift; sourceTree = "<group>"; };
		DE23B69C1EDE2759000FC21B /* Base */ = {isa = PBXFileReference; lastKnownFileType = file.storyboard; name = Base; path = Base.lproj/Main.storyboard; sourceTree = "<group>"; };
		DE23B69E1EDE2759000FC21B /* Assets.xcassets */ = {isa = PBXFileReference; lastKnownFileType = folder.assetcatalog; path = Assets.xcassets; sourceTree = "<group>"; };
		DE23B6A11EDE2759000FC21B /* Base */ = {isa = PBXFileReference; lastKnownFileType = file.storyboard; name = Base; path = Base.lproj/LaunchScreen.storyboard; sourceTree = "<group>"; };
		DE23B6A31EDE2759000FC21B /* Info.plist */ = {isa = PBXFileReference; lastKnownFileType = text.plist.xml; path = Info.plist; sourceTree = "<group>"; };
		DE23B6A81EDE275A000FC21B /* DhiranaTests.xctest */ = {isa = PBXFileReference; explicitFileType = wrapper.cfbundle; includeInIndex = 0; path = DhiranaTests.xctest; sourceTree = BUILT_PRODUCTS_DIR; };
		DE23B6AC1EDE275A000FC21B /* DhiranaTests.swift */ = {isa = PBXFileReference; lastKnownFileType = sourcecode.swift; path = DhiranaTests.swift; sourceTree = "<group>"; };
		DE23B6AE1EDE275A000FC21B /* Info.plist */ = {isa = PBXFileReference; lastKnownFileType = text.plist.xml; path = Info.plist; sourceTree = "<group>"; };
		DE23B6B31EDE275A000FC21B /* DhiranaUITests.xctest */ = {isa = PBXFileReference; explicitFileType = wrapper.cfbundle; includeInIndex = 0; path = DhiranaUITests.xctest; sourceTree = BUILT_PRODUCTS_DIR; };
		DE23B6B71EDE275A000FC21B /* DhiranaUITests.swift */ = {isa = PBXFileReference; lastKnownFileType = sourcecode.swift; path = DhiranaUITests.swift; sourceTree = "<group>"; };
		DE23B6B91EDE275A000FC21B /* Info.plist */ = {isa = PBXFileReference; lastKnownFileType = text.plist.xml; path = Info.plist; sourceTree = "<group>"; };
/* End PBXFileReference section */

/* Begin PBXFrameworksBuildPhase section */
		DE23B68F1EDE2759000FC21B /* Frameworks */ = {
			isa = PBXFrameworksBuildPhase;
			buildActionMask = 2147483647;
			files = (
			);
			runOnlyForDeploymentPostprocessing = 0;
		};
		DE23B6A51EDE275A000FC21B /* Frameworks */ = {
			isa = PBXFrameworksBuildPhase;
			buildActionMask = 2147483647;
			files = (
			);
			runOnlyForDeploymentPostprocessing = 0;
		};
		DE23B6B01EDE275A000FC21B /* Frameworks */ = {
			isa = PBXFrameworksBuildPhase;
			buildActionMask = 2147483647;
			files = (
			);
			runOnlyForDeploymentPostprocessing = 0;
		};
/* End PBXFrameworksBuildPhase section */

/* Begin PBXGroup section */
		DE23B6891EDE2759000FC21B = {
			isa = PBXGroup;
			children = (
				DE23B6941EDE2759000FC21B /* Dhirana */,
				DE23B6AB1EDE275A000FC21B /* DhiranaTests */,
				DE23B6B61EDE275A000FC21B /* DhiranaUITests */,
				DE23B6931EDE2759000FC21B /* Products */,
			);
			sourceTree = "<group>";
		};
		DE23B6931EDE2759000FC21B /* Products */ = {
			isa = PBXGroup;
			children = (
				DE23B6921EDE2759000FC21B /* Dhirana.app */,
				DE23B6A81EDE275A000FC21B /* DhiranaTests.xctest */,
				DE23B6B31EDE275A000FC21B /* DhiranaUITests.xctest */,
			);
			name = Products;
			sourceTree = "<group>";
		};
		DE23B6941EDE2759000FC21B /* Dhirana */ = {
			isa = PBXGroup;
			children = (
				DE23B6951EDE2759000FC21B /* AppDelegate.swift */,
				DE23B6971EDE2759000FC21B /* FirstViewController.swift */,
				DE23B6991EDE2759000FC21B /* SecondViewController.swift */,
				DE23B69B1EDE2759000FC21B /* Main.storyboard */,
				DE23B69E1EDE2759000FC21B /* Assets.xcassets */,
				DE23B6A01EDE2759000FC21B /* LaunchScreen.storyboard */,
				DE23B6A31EDE2759000FC21B /* Info.plist */,
			);
			path = Dhirana;
			sourceTree = "<group>";
		};
		DE23B6AB1EDE275A000FC21B /* DhiranaTests */ = {
			isa = PBXGroup;
			children = (
				DE23B6AC1EDE275A000FC21B /* DhiranaTests.swift */,
				DE23B6AE1EDE275A000FC21B /* Info.plist */,
			);
			path = DhiranaTests;
			sourceTree = "<group>";
		};
		DE23B6B61EDE275A000FC21B /* DhiranaUITests */ = {
			isa = PBXGroup;
			children = (
				DE23B6B71EDE275A000FC21B /* DhiranaUITests.swift */,
				DE23B6B91EDE275A000FC21B /* Info.plist */,
			);
			path = DhiranaUITests;
			sourceTree = "<group>";
		};
/* End PBXGroup section */

/* Begin PBXNativeTarget section */
		DE23B6911EDE2759000FC21B /* Dhirana */ = {
			isa = PBXNativeTarget;
			buildConfigurationList = DE23B6BC1EDE275A000FC21B /* Build configuration list for PBXNativeTarget "Dhirana" */;
			buildPhases = (
				DE23B68E1EDE2759000FC21B /* Sources */,
				DE23B68F1EDE2759000FC21B /* Frameworks */,
				DE23B6901EDE2759000FC21B /* Resources */,
			);
			buildRules = (
			);
			dependencies = (
			);
			name = Dhirana;
			productName = Dhirana;
			productReference = DE23B6921EDE2759000FC21B /* Dhirana.app */;
			productType = "com.apple.product-type.application";
		};
		DE23B6A71EDE275A000FC21B /* DhiranaTests */ = {
			isa = PBXNativeTarget;
			buildConfigurationList = DE23B6BF1EDE275A000FC21B /* Build configuration list for PBXNativeTarget "DhiranaTests" */;
			buildPhases = (
				DE23B6A41EDE275A000FC21B /* Sources */,
				DE23B6A51EDE275A000FC21B /* Frameworks */,
				DE23B6A61EDE275A000FC21B /* Resources */,
			);
			buildRules = (
			);
			dependencies = (
				DE23B6AA1EDE275A000FC21B /* PBXTargetDependency */,
			);
			name = DhiranaTests;
			productName = DhiranaTests;
			productReference = DE23B6A81EDE275A000FC21B /* DhiranaTests.xctest */;
			productType = "com.apple.product-type.bundle.unit-test";
		};
		DE23B6B21EDE275A000FC21B /* DhiranaUITests */ = {
			isa = PBXNativeTarget;
			buildConfigurationList = DE23B6C21EDE275A000FC21B /* Build configuration list for PBXNativeTarget "DhiranaUITests" */;
			buildPhases = (
				DE23B6AF1EDE275A000FC21B /* Sources */,
				DE23B6B01EDE275A000FC21B /* Frameworks */,
				DE23B6B11EDE275A000FC21B /* Resources */,
			);
			buildRules = (
			);
			dependencies = (
				DE23B6B51EDE275A000FC21B /* PBXTargetDependency */,
			);
			name = DhiranaUITests;
			productName = DhiranaUITests;
			productReference = DE23B6B31EDE275A000FC21B /* DhiranaUITests.xctest */;
			productType = "com.apple.product-type.bundle.ui-testing";
		};
/* End PBXNativeTarget section */

/* Begin PBXProject section */
		DE23B68A1EDE2759000FC21B /* Project object */ = {
			isa = PBXProject;
			attributes = {
				LastSwiftUpdateCheck = 0830;
				LastUpgradeCheck = 0830;
				ORGANIZATIONNAME = "Navya Madoor";
				TargetAttributes = {
					DE23B6911EDE2759000FC21B = {
						CreatedOnToolsVersion = 8.3.2;
						DevelopmentTeam = UAA3V33JG7;
						ProvisioningStyle = Automatic;
					};
					DE23B6A71EDE275A000FC21B = {
						CreatedOnToolsVersion = 8.3.2;
						DevelopmentTeam = UAA3V33JG7;
						ProvisioningStyle = Automatic;
						TestTargetID = DE23B6911EDE2759000FC21B;
					};
					DE23B6B21EDE275A000FC21B = {
						CreatedOnToolsVersion = 8.3.2;
						DevelopmentTeam = UAA3V33JG7;
						ProvisioningStyle = Automatic;
						TestTargetID = DE23B6911EDE2759000FC21B;
					};
				};
			};
			buildConfigurationList = DE23B68D1EDE2759000FC21B /* Build configuration list for PBXProject "Dhirana" */;
			compatibilityVersion = "Xcode 3.2";
			developmentRegion = English;
			hasScannedForEncodings = 0;
			knownRegions = (
				en,
				Base,
			);
			mainGroup = DE23B6891EDE2759000FC21B;
			productRefGroup = DE23B6931EDE2759000FC21B /* Products */;
			projectDirPath = "";
			projectRoot = "";
			targets = (
				DE23B6911EDE2759000FC21B /* Dhirana */,
				DE23B6A71EDE275A000FC21B /* DhiranaTests */,
				DE23B6B21EDE275A000FC21B /* DhiranaUITests */,
			);
		};
/* End PBXProject section */

/* Begin PBXResourcesBuildPhase section */
		DE23B6901EDE2759000FC21B /* Resources */ = {
			isa = PBXResourcesBuildPhase;
			buildActionMask = 2147483647;
			files = (
				DE23B6A21EDE2759000FC21B /* LaunchScreen.storyboard in Resources */,
				DE23B69F1EDE2759000FC21B /* Assets.xcassets in Resources */,
				DE23B69D1EDE2759000FC21B /* Main.storyboard in Resources */,
			);
			runOnlyForDeploymentPostprocessing = 0;
		};
		DE23B6A61EDE275A000FC21B /* Resources */ = {
			isa = PBXResourcesBuildPhase;
			buildActionMask = 2147483647;
			files = (
			);
			runOnlyForDeploymentPostprocessing = 0;
		};
		DE23B6B11EDE275A000FC21B /* Resources */ = {
			isa = PBXResourcesBuildPhase;
			buildActionMask = 2147483647;
			files = (
			);
			runOnlyForDeploymentPostprocessing = 0;
		};
/* End PBXResourcesBuildPhase section */

/* Begin PBXSourcesBuildPhase section */
		DE23B68E1EDE2759000FC21B /* Sources */ = {
			isa = PBXSourcesBuildPhase;
			buildActionMask = 2147483647;
			files = (
				DE23B69A1EDE2759000FC21B /* SecondViewController.swift in Sources */,
				DE23B6961EDE2759000FC21B /* AppDelegate.swift in Sources */,
				DE23B6981EDE2759000FC21B /* FirstViewController.swift in Sources */,
			);
			runOnlyForDeploymentPostprocessing = 0;
		};
		DE23B6A41EDE275A000FC21B /* Sources */ = {
			isa = PBXSourcesBuildPhase;
			buildActionMask = 2147483647;
			files = (
				DE23B6AD1EDE275A000FC21B /* DhiranaTests.swift in Sources */,
			);
			runOnlyForDeploymentPostprocessing = 0;
		};
		DE23B6AF1EDE275A000FC21B /* Sources */ = {
			isa = PBXSourcesBuildPhase;
			buildActionMask = 2147483647;
			files = (
				DE23B6B81EDE275A000FC21B /* DhiranaUITests.swift in Sources */,
			);
			runOnlyForDeploymentPostprocessing = 0;
		};
/* End PBXSourcesBuildPhase section */

/* Begin PBXTargetDependency section */
		DE23B6AA1EDE275A000FC21B /* PBXTargetDependency */ = {
			isa = PBXTargetDependency;
			target = DE23B6911EDE2759000FC21B /* Dhirana */;
			targetProxy = DE23B6A91EDE275A000FC21B /* PBXContainerItemProxy */;
		};
		DE23B6B51EDE275A000FC21B /* PBXTargetDependency */ = {
			isa = PBXTargetDependency;
			target = DE23B6911EDE2759000FC21B /* Dhirana */;
			targetProxy = DE23B6B41EDE275A000FC21B /* PBXContainerItemProxy */;
		};
/* End PBXTargetDependency section */

/* Begin PBXVariantGroup section */
		DE23B69B1EDE2759000FC21B /* Main.storyboard */ = {
			isa = PBXVariantGroup;
			children = (
				DE23B69C1EDE2759000FC21B /* Base */,
			);
			name = Main.storyboard;
			sourceTree = "<group>";
		};
		DE23B6A01EDE2759000FC21B /* LaunchScreen.storyboard */ = {
			isa = PBXVariantGroup;
			children = (
				DE23B6A11EDE2759000FC21B /* Base */,
			);
			name = LaunchScreen.storyboard;
			sourceTree = "<group>";
		};
/* End PBXVariantGroup section */

/* Begin XCBuildConfiguration section */
		DE23B6BA1EDE275A000FC21B /* Debug */ = {
			isa = XCBuildConfiguration;
			buildSettings = {
				ALWAYS_SEARCH_USER_PATHS = NO;
				CLANG_ANALYZER_NONNULL = YES;
				CLANG_ANALYZER_NUMBER_OBJECT_CONVERSION = YES_AGGRESSIVE;
				CLANG_CXX_LANGUAGE_STANDARD = "gnu++0x";
				CLANG_CXX_LIBRARY = "libc++";
				CLANG_ENABLE_MODULES = YES;
				CLANG_ENABLE_OBJC_ARC = YES;
				CLANG_WARN_BOOL_CONVERSION = YES;
				CLANG_WARN_CONSTANT_CONVERSION = YES;
				CLANG_WARN_DIRECT_OBJC_ISA_USAGE = YES_ERROR;
				CLANG_WARN_DOCUMENTATION_COMMENTS = YES;
				CLANG_WARN_EMPTY_BODY = YES;
				CLANG_WARN_ENUM_CONVERSION = YES;
				CLANG_WARN_INFINITE_RECURSION = YES;
				CLANG_WARN_INT_CONVERSION = YES;
				CLANG_WARN_OBJC_ROOT_CLASS = YES_ERROR;
				CLANG_WARN_SUSPICIOUS_MOVE = YES;
				CLANG_WARN_UNREACHABLE_CODE = YES;
				CLANG_WARN__DUPLICATE_METHOD_MATCH = YES;
				"CODE_SIGN_IDENTITY[sdk=iphoneos*]" = "iPhone Developer";
				COPY_PHASE_STRIP = NO;
				DEBUG_INFORMATION_FORMAT = dwarf;
				ENABLE_STRICT_OBJC_MSGSEND = YES;
				ENABLE_TESTABILITY = YES;
				GCC_C_LANGUAGE_STANDARD = gnu99;
				GCC_DYNAMIC_NO_PIC = NO;
				GCC_NO_COMMON_BLOCKS = YES;
				GCC_OPTIMIZATION_LEVEL = 0;
				GCC_PREPROCESSOR_DEFINITIONS = (
					"DEBUG=1",
					"$(inherited)",
				);
				GCC_WARN_64_TO_32_BIT_CONVERSION = YES;
				GCC_WARN_ABOUT_RETURN_TYPE = YES_ERROR;
				GCC_WARN_UNDECLARED_SELECTOR = YES;
				GCC_WARN_UNINITIALIZED_AUTOS = YES_AGGRESSIVE;
				GCC_WARN_UNUSED_FUNCTION = YES;
				GCC_WARN_UNUSED_VARIABLE = YES;
				IPHONEOS_DEPLOYMENT_TARGET = 10.3;
				MTL_ENABLE_DEBUG_INFO = YES;
				ONLY_ACTIVE_ARCH = YES;
				SDKROOT = iphoneos;
				SWIFT_ACTIVE_COMPILATION_CONDITIONS = DEBUG;
				SWIFT_OPTIMIZATION_LEVEL = "-Onone";
				TARGETED_DEVICE_FAMILY = "1,2";
			};
			name = Debug;
		};
		DE23B6BB1EDE275A000FC21B /* Release */ = {
			isa = XCBuildConfiguration;
			buildSettings = {
				ALWAYS_SEARCH_USER_PATHS = NO;
				CLANG_ANALYZER_NONNULL = YES;
				CLANG_ANALYZER_NUMBER_OBJECT_CONVERSION = YES_AGGRESSIVE;
				CLANG_CXX_LANGUAGE_STANDARD = "gnu++0x";
				CLANG_CXX_LIBRARY = "libc++";
				CLANG_ENABLE_MODULES = YES;
				CLANG_ENABLE_OBJC_ARC = YES;
				CLANG_WARN_BOOL_CONVERSION = YES;
				CLANG_WARN_CONSTANT_CONVERSION = YES;
				CLANG_WARN_DIRECT_OBJC_ISA_USAGE = YES_ERROR;
				CLANG_WARN_DOCUMENTATION_COMMENTS = YES;
				CLANG_WARN_EMPTY_BODY = YES;
				CLANG_WARN_ENUM_CONVERSION = YES;
				CLANG_WARN_INFINITE_RECURSION = YES;
				CLANG_WARN_INT_CONVERSION = YES;
				CLANG_WARN_OBJC_ROOT_CLASS = YES_ERROR;
				CLANG_WARN_SUSPICIOUS_MOVE = YES;
				CLANG_WARN_UNREACHABLE_CODE = YES;
				CLANG_WARN__DUPLICATE_METHOD_MATCH = YES;
				"CODE_SIGN_IDENTITY[sdk=iphoneos*]" = "iPhone Developer";
				COPY_PHASE_STRIP = NO;
				DEBUG_INFORMATION_FORMAT = "dwarf-with-dsym";
				ENABLE_NS_ASSERTIONS = NO;
				ENABLE_STRICT_OBJC_MSGSEND = YES;
				GCC_C_LANGUAGE_STANDARD = gnu99;
				GCC_NO_COMMON_BLOCKS = YES;
				GCC_WARN_64_TO_32_BIT_CONVERSION = YES;
				GCC_WARN_ABOUT_RETURN_TYPE = YES_ERROR;
				GCC_WARN_UNDECLARED_SELECTOR = YES;
				GCC_WARN_UNINITIALIZED_AUTOS = YES_AGGRESSIVE;
				GCC_WARN_UNUSED_FUNCTION = YES;
				GCC_WARN_UNUSED_VARIABLE = YES;
				IPHONEOS_DEPLOYMENT_TARGET = 10.3;
				MTL_ENABLE_DEBUG_INFO = NO;
				SDKROOT = iphoneos;
				SWIFT_OPTIMIZATION_LEVEL = "-Owholemodule";
				TARGETED_DEVICE_FAMILY = "1,2";
				VALIDATE_PRODUCT = YES;
			};
			name = Release;
		};
		DE23B6BD1EDE275A000FC21B /* Debug */ = {
			isa = XCBuildConfiguration;
			buildSettings = {
				ASSETCATALOG_COMPILER_APPICON_NAME = AppIcon;
				DEVELOPMENT_TEAM = UAA3V33JG7;
				INFOPLIST_FILE = Dhirana/Info.plist;
				LD_RUNPATH_SEARCH_PATHS = "$(inherited) @executable_path/Frameworks";
				PRODUCT_BUNDLE_IDENTIFIER = hobby.Dhirana;
				PRODUCT_NAME = "$(TARGET_NAME)";
				SWIFT_VERSION = 3.0;
			};
			name = Debug;
		};
		DE23B6BE1EDE275A000FC21B /* Release */ = {
			isa = XCBuildConfiguration;
			buildSettings = {
				ASSETCATALOG_COMPILER_APPICON_NAME = AppIcon;
				DEVELOPMENT_TEAM = UAA3V33JG7;
				INFOPLIST_FILE = Dhirana/Info.plist;
				LD_RUNPATH_SEARCH_PATHS = "$(inherited) @executable_path/Frameworks";
				PRODUCT_BUNDLE_IDENTIFIER = hobby.Dhirana;
				PRODUCT_NAME = "$(TARGET_NAME)";
				SWIFT_VERSION = 3.0;
			};
			name = Release;
		};
		DE23B6C01EDE275A000FC21B /* Debug */ = {
			isa = XCBuildConfiguration;
			buildSettings = {
				ALWAYS_EMBED_SWIFT_STANDARD_LIBRARIES = YES;
				BUNDLE_LOADER = "$(TEST_HOST)";
				DEVELOPMENT_TEAM = UAA3V33JG7;
				INFOPLIST_FILE = DhiranaTests/Info.plist;
				LD_RUNPATH_SEARCH_PATHS = "$(inherited) @executable_path/Frameworks @loader_path/Frameworks";
				PRODUCT_BUNDLE_IDENTIFIER = hobby.DhiranaTests;
				PRODUCT_NAME = "$(TARGET_NAME)";
				SWIFT_VERSION = 3.0;
				TEST_HOST = "$(BUILT_PRODUCTS_DIR)/Dhirana.app/Dhirana";
			};
			name = Debug;
		};
		DE23B6C11EDE275A000FC21B /* Release */ = {
			isa = XCBuildConfiguration;
			buildSettings = {
				ALWAYS_EMBED_SWIFT_STANDARD_LIBRARIES = YES;
				BUNDLE_LOADER = "$(TEST_HOST)";
				DEVELOPMENT_TEAM = UAA3V33JG7;
				INFOPLIST_FILE = DhiranaTests/Info.plist;
				LD_RUNPATH_SEARCH_PATHS = "$(inherited) @executable_path/Frameworks @loader_path/Frameworks";
				PRODUCT_BUNDLE_IDENTIFIER = hobby.DhiranaTests;
				PRODUCT_NAME = "$(TARGET_NAME)";
				SWIFT_VERSION = 3.0;
				TEST_HOST = "$(BUILT_PRODUCTS_DIR)/Dhirana.app/Dhirana";
			};
			name = Release;
		};
		DE23B6C31EDE275A000FC21B /* Debug */ = {
			isa = XCBuildConfiguration;
			buildSettings = {
				ALWAYS_EMBED_SWIFT_STANDARD_LIBRARIES = YES;
				DEVELOPMENT_TEAM = UAA3V33JG7;
				INFOPLIST_FILE = DhiranaUITests/Info.plist;
				LD_RUNPATH_SEARCH_PATHS = "$(inherited) @executable_path/Frameworks @loader_path/Frameworks";
				PRODUCT_BUNDLE_IDENTIFIER = hobby.DhiranaUITests;
				PRODUCT_NAME = "$(TARGET_NAME)";
				SWIFT_VERSION = 3.0;
				TEST_TARGET_NAME = Dhirana;
			};
			name = Debug;
		};
		DE23B6C41EDE275A000FC21B /* Release */ = {
			isa = XCBuildConfiguration;
			buildSettings = {
				ALWAYS_EMBED_SWIFT_STANDARD_LIBRARIES = YES;
				DEVELOPMENT_TEAM = UAA3V33JG7;
				INFOPLIST_FILE = DhiranaUITests/Info.plist;
				LD_RUNPATH_SEARCH_PATHS = "$(inherited) @executable_path/Frameworks @loader_path/Frameworks";
				PRODUCT_BUNDLE_IDENTIFIER = hobby.DhiranaUITests;
				PRODUCT_NAME = "$(TARGET_NAME)";
				SWIFT_VERSION = 3.0;
				TEST_TARGET_NAME = Dhirana;
			};
			name = Release;
		};
/* End XCBuildConfiguration section */

/* Begin XCConfigurationList section */
		DE23B68D1EDE2759000FC21B /* Build configuration list for PBXProject "Dhirana" */ = {
			isa = XCConfigurationList;
			buildConfigurations = (
				DE23B6BA1EDE275A000FC21B /* Debug */,
				DE23B6BB1EDE275A000FC21B /* Release */,
			);
			defaultConfigurationIsVisible = 0;
			defaultConfigurationName = Release;
		};
		DE23B6BC1EDE275A000FC21B /* Build configuration list for PBXNativeTarget "Dhirana" */ = {
			isa = XCConfigurationList;
			buildConfigurations = (
				DE23B6BD1EDE275A000FC21B /* Debug */,
				DE23B6BE1EDE275A000FC21B /* Release */,
			);
			defaultConfigurationIsVisible = 0;
		};
		DE23B6BF1EDE275A000FC21B /* Build configuration list for PBXNativeTarget "DhiranaTests" */ = {
			isa = XCConfigurationList;
			buildConfigurations = (
				DE23B6C01EDE275A000FC21B /* Debug */,
				DE23B6C11EDE275A000FC21B /* Release */,
			);
			defaultConfigurationIsVisible = 0;
		};
		DE23B6C21EDE275A000FC21B /* Build configuration list for PBXNativeTarget "DhiranaUITests" */ = {
			isa = XCConfigurationList;
			buildConfigurations = (
				DE23B6C31EDE275A000FC21B /* Debug */,
				DE23B6C41EDE275A000FC21B /* Release */,
			);
			defaultConfigurationIsVisible = 0;
		};
/* End XCConfigurationList section */
	};
	rootObject = DE23B68A1EDE2759000FC21B /* Project object */;
}
